
Microsoft Visual Studio Solution File, Format Version 12.00
# Visual Studio 14
VisualStudioVersion = 14.0.25420.1
MinimumVisualStudioVersion = 10.0.40219.1
Project("{FAE04EC0-301F-11D3-BF4B-00C04F79EFBC}") = "迷宫的图形界面", "迷宫的图形解谜那\迷宫的图形界面.csproj", "{78BC1D84-9E92-4AA7-A4A4-C52243ECB80B}"
EndProject
Global
	GlobalSection(SolutionConfigurationPlatforms) = preSolution
		Debug|Any CPU = Debug|Any CPU
		Release|Any CPU = Release|Any CPU
	EndGlobalSection
	GlobalSection(ProjectConfigurationPlatforms) = postSolution
		{78BC1D84-9E92-4AA7-A4A4-C52243ECB80B}.Debug|Any CPU.ActiveCfg = Debug|Any CPU
		{78BC1D84-9E92-4AA7-A4A4-C52243ECB80B}.Debug|Any CPU.Build.0 = Debug|Any CPU
		{78BC1D84-9E92-4AA7-A4A4-C52243ECB80B}.Release|Any CPU.ActiveCfg = Release|Any CPU
		{78BC1D84-9E92-4AA7-A4A4-C52243ECB80B}.Release|Any CPU.Build.0 = Release|Any CPU
	EndGlobalSection
	GlobalSection(SolutionProperties) = preSolution
		HideSolutionNode = FALSE
	EndGlobalSection
EndGlobal
